// !$*UTF8*$!
{
	archiveVersion = 1;
	classes = {
	};
	objectVersion = 56;
	objects = {

/* Begin PBXBuildFile section */
		E429C75D2C2AD0FA003A12E1 /* AppDelegate.swift in Sources */ = {isa = PBXBuildFile; fileRef = E429C75C2C2AD0FA003A12E1 /* AppDelegate.swift */; };
		E429C75F2C2AD0FA003A12E1 /* SceneDelegate.swift in Sources */ = {isa = PBXBuildFile; fileRef = E429C75E2C2AD0FA003A12E1 /* SceneDelegate.swift */; };
		E429C7612C2AD0FA003A12E1 /* ImagesViewController.swift in Sources */ = {isa = PBXBuildFile; fileRef = E429C7602C2AD0FA003A12E1 /* ImagesViewController.swift */; };
		E429C7642C2AD0FA003A12E1 /* Main.storyboard in Resources */ = {isa = PBXBuildFile; fileRef = E429C7622C2AD0FA003A12E1 /* Main.storyboard */; };
		E429C7662C2AD0FB003A12E1 /* Assets.xcassets in Resources */ = {isa = PBXBuildFile; fileRef = E429C7652C2AD0FB003A12E1 /* Assets.xcassets */; };
		E429C7692C2AD0FB003A12E1 /* LaunchScreen.storyboard in Resources */ = {isa = PBXBuildFile; fileRef = E429C7672C2AD0FB003A12E1 /* LaunchScreen.storyboard */; };
		E429C7762C2AD1D8003A12E1 /* APIResponseModel.swift in Sources */ = {isa = PBXBuildFile; fileRef = E429C7752C2AD1D8003A12E1 /* APIResponseModel.swift */; };
		E429C7792C2AD22B003A12E1 /* NetworkService.swift in Sources */ = {isa = PBXBuildFile; fileRef = E429C7782C2AD22B003A12E1 /* NetworkService.swift */; };
		E429C77B2C2AF64F003A12E1 /* ImagesViewModel.swift in Sources */ = {isa = PBXBuildFile; fileRef = E429C77A2C2AF64F003A12E1 /* ImagesViewModel.swift */; };
		E429C77E2C2AFC16003A12E1 /* ImageCell.swift in Sources */ = {isa = PBXBuildFile; fileRef = E429C77C2C2AFC16003A12E1 /* ImageCell.swift */; };
		E429C77F2C2AFC16003A12E1 /* ImageCell.xib in Resources */ = {isa = PBXBuildFile; fileRef = E429C77D2C2AFC16003A12E1 /* ImageCell.xib */; };
		E4DB381B2C2BF135005A7902 /* SDWebImage in Frameworks */ = {isa = PBXBuildFile; productRef = E4DB381A2C2BF135005A7902 /* SDWebImage */; };
		E4DB381D2C2BF135005A7902 /* SDWebImageMapKit in Frameworks */ = {isa = PBXBuildFile; productRef = E4DB381C2C2BF135005A7902 /* SDWebImageMapKit */; };
/* End PBXBuildFile section */

/* Begin PBXFileReference section */
		E429C7592C2AD0FA003A12E1 /* WisdomLeafTask.app */ = {isa = PBXFileReference; explicitFileType = wrapper.application; includeInIndex = 0; path = WisdomLeafTask.app; sourceTree = BUILT_PRODUCTS_DIR; };
		E429C75C2C2AD0FA003A12E1 /* AppDelegate.swift */ = {isa = PBXFileReference; lastKnownFileType = sourcecode.swift; path = AppDelegate.swift; sourceTree = "<group>"; };
		E429C75E2C2AD0FA003A12E1 /* SceneDelegate.swift */ = {isa = PBXFileReference; lastKnownFileType = sourcecode.swift; path = SceneDelegate.swift; sourceTree = "<group>"; };
		E429C7602C2AD0FA003A12E1 /* ImagesViewController.swift */ = {isa = PBXFileReference; lastKnownFileType = sourcecode.swift; path = ImagesViewController.swift; sourceTree = "<group>"; };
		E429C7632C2AD0FA003A12E1 /* Base */ = {isa = PBXFileReference; lastKnownFileType = file.storyboard; name = Base; path = Base.lproj/Main.storyboard; sourceTree = "<group>"; };
		E429C7652C2AD0FB003A12E1 /* Assets.xcassets */ = {isa = PBXFileReference; lastKnownFileType = folder.assetcatalog; path = Assets.xcassets; sourceTree = "<group>"; };
		E429C7682C2AD0FB003A12E1 /* Base */ = {isa = PBXFileReference; lastKnownFileType = file.storyboard; name = Base; path = Base.lproj/LaunchScreen.storyboard; sourceTree = "<group>"; };
		E429C76A2C2AD0FB003A12E1 /* Info.plist */ = {isa = PBXFileReference; lastKnownFileType = text.plist.xml; path = Info.plist; sourceTree = "<group>"; };
		E429C7752C2AD1D8003A12E1 /* APIResponseModel.swift */ = {isa = PBXFileReference; lastKnownFileType = sourcecode.swift; path = APIResponseModel.swift; sourceTree = "<group>"; };
		E429C7782C2AD22B003A12E1 /* NetworkService.swift */ = {isa = PBXFileReference; lastKnownFileType = sourcecode.swift; path = NetworkService.swift; sourceTree = "<group>"; };
		E429C77A2C2AF64F003A12E1 /* ImagesViewModel.swift */ = {isa = PBXFileReference; lastKnownFileType = sourcecode.swift; path = ImagesViewModel.swift; sourceTree = "<group>"; };
		E429C77C2C2AFC16003A12E1 /* ImageCell.swift */ = {isa = PBXFileReference; lastKnownFileType = sourcecode.swift; path = ImageCell.swift; sourceTree = "<group>"; };
		E429C77D2C2AFC16003A12E1 /* ImageCell.xib */ = {isa = PBXFileReference; lastKnownFileType = file.xib; path = ImageCell.xib; sourceTree = "<group>"; };
/* End PBXFileReference section */

/* Begin PBXFrameworksBuildPhase section */
		E429C7562C2AD0FA003A12E1 /* Frameworks */ = {
			isa = PBXFrameworksBuildPhase;
			buildActionMask = 2147483647;
			files = (
				E4DB381D2C2BF135005A7902 /* SDWebImageMapKit in Frameworks */,
				E4DB381B2C2BF135005A7902 /* SDWebImage in Frameworks */,
			);
			runOnlyForDeploymentPostprocessing = 0;
		};
/* End PBXFrameworksBuildPhase section */

/* Begin PBXGroup section */
		E429C7502C2AD0FA003A12E1 = {
			isa = PBXGroup;
			children = (
				E429C75B2C2AD0FA003A12E1 /* WisdomLeafTask */,
				E429C75A2C2AD0FA003A12E1 /* Products */,
			);
			sourceTree = "<group>";
		};
		E429C75A2C2AD0FA003A12E1 /* Products */ = {
			isa = PBXGroup;
			children = (
				E429C7592C2AD0FA003A12E1 /* WisdomLeafTask.app */,
			);
			name = Products;
			sourceTree = "<group>";
		};
		E429C75B2C2AD0FA003A12E1 /* WisdomLeafTask */ = {
			isa = PBXGroup;
			children = (
				E429C7772C2AD213003A12E1 /* Service */,
				E429C7732C2AD159003A12E1 /* Controller */,
				E429C7722C2AD153003A12E1 /* ViewModel */,
				E429C7712C2AD14E003A12E1 /* View */,
				E429C7702C2AD148003A12E1 /* Model */,
				E429C75C2C2AD0FA003A12E1 /* AppDelegate.swift */,
				E429C75E2C2AD0FA003A12E1 /* SceneDelegate.swift */,
				E429C7602C2AD0FA003A12E1 /* ImagesViewController.swift */,
				E429C7622C2AD0FA003A12E1 /* Main.storyboard */,
				E429C7652C2AD0FB003A12E1 /* Assets.xcassets */,
				E429C7672C2AD0FB003A12E1 /* LaunchScreen.storyboard */,
				E429C76A2C2AD0FB003A12E1 /* Info.plist */,
			);
			path = WisdomLeafTask;
			sourceTree = "<group>";
		};
		E429C7702C2AD148003A12E1 /* Model */ = {
			isa = PBXGroup;
			children = (
				E429C7752C2AD1D8003A12E1 /* APIResponseModel.swift */,
			);
			path = Model;
			sourceTree = "<group>";
		};
		E429C7712C2AD14E003A12E1 /* View */ = {
			isa = PBXGroup;
			children = (
				E429C77C2C2AFC16003A12E1 /* ImageCell.swift */,
				E429C77D2C2AFC16003A12E1 /* ImageCell.xib */,
			);
			path = View;
			sourceTree = "<group>";
		};
		E429C7722C2AD153003A12E1 /* ViewModel */ = {
			isa = PBXGroup;
			children = (
				E429C77A2C2AF64F003A12E1 /* ImagesViewModel.swift */,
			);
			path = ViewModel;
			sourceTree = "<group>";
		};
		E429C7732C2AD159003A12E1 /* Controller */ = {
			isa = PBXGroup;
			children = (
			);
			path = Controller;
			sourceTree = "<group>";
		};
		E429C7772C2AD213003A12E1 /* Service */ = {
			isa = PBXGroup;
			children = (
				E429C7782C2AD22B003A12E1 /* NetworkService.swift */,
			);
			path = Service;
			sourceTree = "<group>";
		};
/* End PBXGroup section */

/* Begin PBXNativeTarget section */
		E429C7582C2AD0FA003A12E1 /* WisdomLeafTask */ = {
			isa = PBXNativeTarget;
			buildConfigurationList = E429C76D2C2AD0FB003A12E1 /* Build configuration list for PBXNativeTarget "WisdomLeafTask" */;
			buildPhases = (
				E429C7552C2AD0FA003A12E1 /* Sources */,
				E429C7562C2AD0FA003A12E1 /* Frameworks */,
				E429C7572C2AD0FA003A12E1 /* Resources */,
			);
			buildRules = (
			);
			dependencies = (
			);
			name = WisdomLeafTask;
			packageProductDependencies = (
				E4DB381A2C2BF135005A7902 /* SDWebImage */,
				E4DB381C2C2BF135005A7902 /* SDWebImageMapKit */,
			);
			productName = WisdomLeafTask;
			productReference = E429C7592C2AD0FA003A12E1 /* WisdomLeafTask.app */;
			productType = "com.apple.product-type.application";
		};
/* End PBXNativeTarget section */

/* Begin PBXProject section */
		E429C7512C2AD0FA003A12E1 /* Project object */ = {
			isa = PBXProject;
			attributes = {
				BuildIndependentTargetsInParallel = 1;
				LastSwiftUpdateCheck = 1510;
				LastUpgradeCheck = 1510;
				TargetAttributes = {
					E429C7582C2AD0FA003A12E1 = {
						CreatedOnToolsVersion = 15.1;
					};
				};
			};
			buildConfigurationList = E429C7542C2AD0FA003A12E1 /* Build configuration list for PBXProject "WisdomLeafTask" */;
			compatibilityVersion = "Xcode 14.0";
			developmentRegion = en;
			hasScannedForEncodings = 0;
			knownRegions = (
				en,
				Base,
			);
			mainGroup = E429C7502C2AD0FA003A12E1;
			packageReferences = (
				E4DB38192C2BF135005A7902 /* XCRemoteSwiftPackageReference "SDWebImage" */,
			);
			productRefGroup = E429C75A2C2AD0FA003A12E1 /* Products */;
			projectDirPath = "";
			projectRoot = "";
			targets = (
				E429C7582C2AD0FA003A12E1 /* WisdomLeafTask */,
			);
		};
/* End PBXProject section */

/* Begin PBXResourcesBuildPhase section */
		E429C7572C2AD0FA003A12E1 /* Resources */ = {
			isa = PBXResourcesBuildPhase;
			buildActionMask = 2147483647;
			files = (
				E429C7692C2AD0FB003A12E1 /* LaunchScreen.storyboard in Resources */,
				E429C77F2C2AFC16003A12E1 /* ImageCell.xib in Resources */,
				E429C7662C2AD0FB003A12E1 /* Assets.xcassets in Resources */,
				E429C7642C2AD0FA003A12E1 /* Main.storyboard in Resources */,
			);
			runOnlyForDeploymentPostprocessing = 0;
		};
/* End PBXResourcesBuildPhase section */

/* Begin PBXSourcesBuildPhase section */
		E429C7552C2AD0FA003A12E1 /* Sources */ = {
			isa = PBXSourcesBuildPhase;
			buildActionMask = 2147483647;
			files = (
				E429C77B2C2AF64F003A12E1 /* ImagesViewModel.swift in Sources */,
				E429C7792C2AD22B003A12E1 /* NetworkService.swift in Sources */,
				E429C7612C2AD0FA003A12E1 /* ImagesViewController.swift in Sources */,
				E429C75D2C2AD0FA003A12E1 /* AppDelegate.swift in Sources */,
				E429C75F2C2AD0FA003A12E1 /* SceneDelegate.swift in Sources */,
				E429C77E2C2AFC16003A12E1 /* ImageCell.swift in Sources */,
				E429C7762C2AD1D8003A12E1 /* APIResponseModel.swift in Sources */,
			);
			runOnlyForDeploymentPostprocessing = 0;
		};
/* End PBXSourcesBuildPhase section */

/* Begin PBXVariantGroup section */
		E429C7622C2AD0FA003A12E1 /* Main.storyboard */ = {
			isa = PBXVariantGroup;
			children = (
				E429C7632C2AD0FA003A12E1 /* Base */,
			);
			name = Main.storyboard;
			sourceTree = "<group>";
		};
		E429C7672C2AD0FB003A12E1 /* LaunchScreen.storyboard */ = {
			isa = PBXVariantGroup;
			children = (
				E429C7682C2AD0FB003A12E1 /* Base */,
			);
			name = LaunchScreen.storyboard;
			sourceTree = "<group>";
		};
/* End PBXVariantGroup section */

/* Begin XCBuildConfiguration section */
		E429C76B2C2AD0FB003A12E1 /* Debug */ = {
			isa = XCBuildConfiguration;
			buildSettings = {
				ALWAYS_SEARCH_USER_PATHS = NO;
				ASSETCATALOG_COMPILER_GENERATE_SWIFT_ASSET_SYMBOL_EXTENSIONS = YES;
				CLANG_ANALYZER_NONNULL = YES;
				CLANG_ANALYZER_NUMBER_OBJECT_CONVERSION = YES_AGGRESSIVE;
				CLANG_CXX_LANGUAGE_STANDARD = "gnu++20";
				CLANG_ENABLE_MODULES = YES;
				CLANG_ENABLE_OBJC_ARC = YES;
				CLANG_ENABLE_OBJC_WEAK = YES;
				CLANG_WARN_BLOCK_CAPTURE_AUTORELEASING = YES;
				CLANG_WARN_BOOL_CONVERSION = YES;
				CLANG_WARN_COMMA = YES;
				CLANG_WARN_CONSTANT_CONVERSION = YES;
				CLANG_WARN_DEPRECATED_OBJC_IMPLEMENTATIONS = YES;
				CLANG_WARN_DIRECT_OBJC_ISA_USAGE = YES_ERROR;
				CLANG_WARN_DOCUMENTATION_COMMENTS = YES;
				CLANG_WARN_EMPTY_BODY = YES;
				CLANG_WARN_ENUM_CONVERSION = YES;
				CLANG_WARN_INFINITE_RECURSION = YES;
				CLANG_WARN_INT_CONVERSION = YES;
				CLANG_WARN_NON_LITERAL_NULL_CONVERSION = YES;
				CLANG_WARN_OBJC_IMPLICIT_RETAIN_SELF = YES;
				CLANG_WARN_OBJC_LITERAL_CONVERSION = YES;
				CLANG_WARN_OBJC_ROOT_CLASS = YES_ERROR;
				CLANG_WARN_QUOTED_INCLUDE_IN_FRAMEWORK_HEADER = YES;
				CLANG_WARN_RANGE_LOOP_ANALYSIS = YES;
				CLANG_WARN_STRICT_PROTOTYPES = YES;
				CLANG_WARN_SUSPICIOUS_MOVE = YES;
				CLANG_WARN_UNGUARDED_AVAILABILITY = YES_AGGRESSIVE;
				CLANG_WARN_UNREACHABLE_CODE = YES;
				CLANG_WARN__DUPLICATE_METHOD_MATCH = YES;
				COPY_PHASE_STRIP = NO;
				DEBUG_INFORMATION_FORMAT = dwarf;
				ENABLE_STRICT_OBJC_MSGSEND = YES;
				ENABLE_TESTABILITY = YES;
				ENABLE_USER_SCRIPT_SANDBOXING = YES;
				GCC_C_LANGUAGE_STANDARD = gnu17;
				GCC_DYNAMIC_NO_PIC = NO;
				GCC_NO_COMMON_BLOCKS = YES;
				GCC_OPTIMIZATION_LEVEL = 0;
				GCC_PREPROCESSOR_DEFINITIONS = (
					"DEBUG=1",
					"$(inherited)",
				);
				GCC_WARN_64_TO_32_BIT_CONVERSION = YES;
				GCC_WARN_ABOUT_RETURN_TYPE = YES_ERROR;
				GCC_WARN_UNDECLARED_SELECTOR = YES;
				GCC_WARN_UNINITIALIZED_AUTOS = YES_AGGRESSIVE;
				GCC_WARN_UNUSED_FUNCTION = YES;
				GCC_WARN_UNUSED_VARIABLE = YES;
				IPHONEOS_DEPLOYMENT_TARGET = 17.2;
				LOCALIZATION_PREFERS_STRING_CATALOGS = YES;
				MTL_ENABLE_DEBUG_INFO = INCLUDE_SOURCE;
				MTL_FAST_MATH = YES;
				ONLY_ACTIVE_ARCH = YES;
				SDKROOT = iphoneos;
				SWIFT_ACTIVE_COMPILATION_CONDITIONS = "DEBUG $(inherited)";
				SWIFT_OPTIMIZATION_LEVEL = "-Onone";
			};
			name = Debug;
		};
		E429C76C2C2AD0FB003A12E1 /* Release */ = {
			isa = XCBuildConfiguration;
			buildSettings = {
				ALWAYS_SEARCH_USER_PATHS = NO;
				ASSETCATALOG_COMPILER_GENERATE_SWIFT_ASSET_SYMBOL_EXTENSIONS = YES;
				CLANG_ANALYZER_NONNULL = YES;
				CLANG_ANALYZER_NUMBER_OBJECT_CONVERSION = YES_AGGRESSIVE;
				CLANG_CXX_LANGUAGE_STANDARD = "gnu++20";
				CLANG_ENABLE_MODULES = YES;
				CLANG_ENABLE_OBJC_ARC = YES;
				CLANG_ENABLE_OBJC_WEAK = YES;
				CLANG_WARN_BLOCK_CAPTURE_AUTORELEASING = YES;
				CLANG_WARN_BOOL_CONVERSION = YES;
				CLANG_WARN_COMMA = YES;
				CLANG_WARN_CONSTANT_CONVERSION = YES;
				CLANG_WARN_DEPRECATED_OBJC_IMPLEMENTATIONS = YES;
				CLANG_WARN_DIRECT_OBJC_ISA_USAGE = YES_ERROR;
				CLANG_WARN_DOCUMENTATION_COMMENTS = YES;
				CLANG_WARN_EMPTY_BODY = YES;
				CLANG_WARN_ENUM_CONVERSION = YES;
				CLANG_WARN_INFINITE_RECURSION = YES;
				CLANG_WARN_INT_CONVERSION = YES;
				CLANG_WARN_NON_LITERAL_NULL_CONVERSION = YES;
				CLANG_WARN_OBJC_IMPLICIT_RETAIN_SELF = YES;
				CLANG_WARN_OBJC_LITERAL_CONVERSION = YES;
				CLANG_WARN_OBJC_ROOT_CLASS = YES_ERROR;
				CLANG_WARN_QUOTED_INCLUDE_IN_FRAMEWORK_HEADER = YES;
				CLANG_WARN_RANGE_LOOP_ANALYSIS = YES;
				CLANG_WARN_STRICT_PROTOTYPES = YES;
				CLANG_WARN_SUSPICIOUS_MOVE = YES;
				CLANG_WARN_UNGUARDED_AVAILABILITY = YES_AGGRESSIVE;
				CLANG_WARN_UNREACHABLE_CODE = YES;
				CLANG_WARN__DUPLICATE_METHOD_MATCH = YES;
				COPY_PHASE_STRIP = NO;
				DEBUG_INFORMATION_FORMAT = "dwarf-with-dsym";
				ENABLE_NS_ASSERTIONS = NO;
				ENABLE_STRICT_OBJC_MSGSEND = YES;
				ENABLE_USER_SCRIPT_SANDBOXING = YES;
				GCC_C_LANGUAGE_STANDARD = gnu17;
				GCC_NO_COMMON_BLOCKS = YES;
				GCC_WARN_64_TO_32_BIT_CONVERSION = YES;
				GCC_WARN_ABOUT_RETURN_TYPE = YES_ERROR;
				GCC_WARN_UNDECLARED_SELECTOR = YES;
				GCC_WARN_UNINITIALIZED_AUTOS = YES_AGGRESSIVE;
				GCC_WARN_UNUSED_FUNCTION = YES;
				GCC_WARN_UNUSED_VARIABLE = YES;
				IPHONEOS_DEPLOYMENT_TARGET = 17.2;
				LOCALIZATION_PREFERS_STRING_CATALOGS = YES;
				MTL_ENABLE_DEBUG_INFO = NO;
				MTL_FAST_MATH = YES;
				SDKROOT = iphoneos;
				SWIFT_COMPILATION_MODE = wholemodule;
				VALIDATE_PRODUCT = YES;
			};
			name = Release;
		};
		E429C76E2C2AD0FB003A12E1 /* Debug */ = {
			isa = XCBuildConfiguration;
			buildSettings = {
				ASSETCATALOG_COMPILER_APPICON_NAME = AppIcon;
				ASSETCATALOG_COMPILER_GLOBAL_ACCENT_COLOR_NAME = AccentColor;
				CODE_SIGN_STYLE = Automatic;
				CURRENT_PROJECT_VERSION = 1;
				DEVELOPMENT_TEAM = RRW6B7FDKR;
				GENERATE_INFOPLIST_FILE = YES;
				INFOPLIST_FILE = WisdomLeafTask/Info.plist;
				INFOPLIST_KEY_UIApplicationSupportsIndirectInputEvents = YES;
				INFOPLIST_KEY_UILaunchStoryboardName = LaunchScreen;
				INFOPLIST_KEY_UIMainStoryboardFile = Main;
				INFOPLIST_KEY_UISupportedInterfaceOrientations_iPad = "UIInterfaceOrientationPortrait UIInterfaceOrientationPortraitUpsideDown UIInterfaceOrientationLandscapeLeft UIInterfaceOrientationLandscapeRight";
				INFOPLIST_KEY_UISupportedInterfaceOrientations_iPhone = "UIInterfaceOrientationPortrait UIInterfaceOrientationLandscapeLeft UIInterfaceOrientationLandscapeRight";
				IPHONEOS_DEPLOYMENT_TARGET = 17.0;
				LD_RUNPATH_SEARCH_PATHS = (
					"$(inherited)",
					"@executable_path/Frameworks",
				);
				MARKETING_VERSION = 1.0;
				PRODUCT_BUNDLE_IDENTIFIER = com.saibalajik.WisdomLeafTask;
				PRODUCT_NAME = "$(TARGET_NAME)";
				SWIFT_EMIT_LOC_STRINGS = YES;
				SWIFT_VERSION = 5.0;
				TARGETED_DEVICE_FAMILY = "1,2";
			};
			name = Debug;
		};
		E429C76F2C2AD0FB003A12E1 /* Release */ = {
			isa = XCBuildConfiguration;
			buildSettings = {
				ASSETCATALOG_COMPILER_APPICON_NAME = AppIcon;
				ASSETCATALOG_COMPILER_GLOBAL_ACCENT_COLOR_NAME = AccentColor;
				CODE_SIGN_STYLE = Automatic;
				CURRENT_PROJECT_VERSION = 1;
				DEVELOPMENT_TEAM = RRW6B7FDKR;
				GENERATE_INFOPLIST_FILE = YES;
				INFOPLIST_FILE = WisdomLeafTask/Info.plist;
				INFOPLIST_KEY_UIApplicationSupportsIndirectInputEvents = YES;
				INFOPLIST_KEY_UILaunchStoryboardName = LaunchScreen;
				INFOPLIST_KEY_UIMainStoryboardFile = Main;
				INFOPLIST_KEY_UISupportedInterfaceOrientations_iPad = "UIInterfaceOrientationPortrait UIInterfaceOrientationPortraitUpsideDown UIInterfaceOrientationLandscapeLeft UIInterfaceOrientationLandscapeRight";
				INFOPLIST_KEY_UISupportedInterfaceOrientations_iPhone = "UIInterfaceOrientationPortrait UIInterfaceOrientationLandscapeLeft UIInterfaceOrientationLandscapeRight";
				IPHONEOS_DEPLOYMENT_TARGET = 17.0;
				LD_RUNPATH_SEARCH_PATHS = (
					"$(inherited)",
					"@executable_path/Frameworks",
				);
				MARKETING_VERSION = 1.0;
				PRODUCT_BUNDLE_IDENTIFIER = com.saibalajik.WisdomLeafTask;
				PRODUCT_NAME = "$(TARGET_NAME)";
				SWIFT_EMIT_LOC_STRINGS = YES;
				SWIFT_VERSION = 5.0;
				TARGETED_DEVICE_FAMILY = "1,2";
			};
			name = Release;
		};
/* End XCBuildConfiguration section */

/* Begin XCConfigurationList section */
		E429C7542C2AD0FA003A12E1 /* Build configuration list for PBXProject "WisdomLeafTask" */ = {
			isa = XCConfigurationList;
			buildConfigurations = (
				E429C76B2C2AD0FB003A12E1 /* Debug */,
				E429C76C2C2AD0FB003A12E1 /* Release */,
			);
			defaultConfigurationIsVisible = 0;
			defaultConfigurationName = Release;
		};
		E429C76D2C2AD0FB003A12E1 /* Build configuration list for PBXNativeTarget "WisdomLeafTask" */ = {
			isa = XCConfigurationList;
			buildConfigurations = (
				E429C76E2C2AD0FB003A12E1 /* Debug */,
				E429C76F2C2AD0FB003A12E1 /* Release */,
			);
			defaultConfigurationIsVisible = 0;
			defaultConfigurationName = Release;
		};
/* End XCConfigurationList section */

/* Begin XCRemoteSwiftPackageReference section */
		E4DB38192C2BF135005A7902 /* XCRemoteSwiftPackageReference "SDWebImage" */ = {
			isa = XCRemoteSwiftPackageReference;
			repositoryURL = "https://github.com/SDWebImage/SDWebImage.git";
			requirement = {
				kind = upToNextMajorVersion;
				minimumVersion = 5.19.3;
			};
		};
/* End XCRemoteSwiftPackageReference section */

/* Begin XCSwiftPackageProductDependency section */
		E4DB381A2C2BF135005A7902 /* SDWebImage */ = {
			isa = XCSwiftPackageProductDependency;
			package = E4DB38192C2BF135005A7902 /* XCRemoteSwiftPackageReference "SDWebImage" */;
			productName = SDWebImage;
		};
		E4DB381C2C2BF135005A7902 /* SDWebImageMapKit */ = {
			isa = XCSwiftPackageProductDependency;
			package = E4DB38192C2BF135005A7902 /* XCRemoteSwiftPackageReference "SDWebImage" */;
			productName = SDWebImageMapKit;
		};
/* End XCSwiftPackageProductDependency section */
	};
	rootObject = E429C7512C2AD0FA003A12E1 /* Project object */;
}
